
Microsoft Visual Studio Solution File, Format Version 12.00
# Visual Studio Version 17
VisualStudioVersion = 17.0.32112.339
MinimumVisualStudioVersion = 10.0.40219.1
Project("{2150E333-8FDC-42A3-9474-1A3956D46DE8}") = "EL.Robot.Window", "EL.Robot.Window", "{9D32C261-CF33-4985-A093-6D665F448A75}"
EndProject
Project("{2150E333-8FDC-42A3-9474-1A3956D46DE8}") = "EL.Robot.Base", "EL.Robot.Base", "{73C91023-9DA5-4B38-9D14-7F63BD6F5E56}"
EndProject
Project("{9A19103F-16F7-4668-BE54-9A1E7A4F7556}") = "EL.Robot.Component", "EL.Robot\EL.Robot.Component\EL.Robot.Component.csproj", "{30A34950-611A-498A-B500-9C168E6576F0}"
EndProject
Project("{FAE04EC0-301F-11D3-BF4B-00C04F79EFBC}") = "EL.Robot.Win", "EL.Robot\EL.Robot.Win\EL.Robot.Win.csproj", "{BEDAFD7D-C321-4188-8F6E-87BDCAA190ED}"
EndProject
Project("{9A19103F-16F7-4668-BE54-9A1E7A4F7556}") = "EL.Robot.Execute", "EL.Robot\EL.Robot.Execute\EL.Robot.Execute.csproj", "{C06791C6-971A-4C80-A8A0-E3B729517D95}"
EndProject
Project("{9A19103F-16F7-4668-BE54-9A1E7A4F7556}") = "EL.Robot.WpfMain", "EL.Robot\EL.Robot.WpfMain\EL.Robot.WpfMain.csproj", "{8F6E98F9-D278-4A54-85CF-1438F4443A7C}"
EndProject
Project("{2150E333-8FDC-42A3-9474-1A3956D46DE8}") = "EL.PIP", "EL.PIP", "{3B98B74C-D926-48A7-8473-039FE0ED0217}"
EndProject
Project("{FAE04EC0-301F-11D3-BF4B-00C04F79EFBC}") = "EL.InstallationService", "EL.PIP\EL.InstallationService\EL.InstallationService.csproj", "{202F56A6-EB4A-4EA1-8296-DB963770A079}"
EndProject
Project("{FAE04EC0-301F-11D3-BF4B-00C04F79EFBC}") = "EL.PIP", "EL.PIP\EL.PIP\EL.PIP.csproj", "{09D4EE40-A5B8-478F-9378-E0853E7D4564}"
EndProject
Project("{FAE04EC0-301F-11D3-BF4B-00C04F79EFBC}") = "EL.PIPSystemServer", "EL.PIP\EL.PIPSystemServer\EL.PIPSystemServer.csproj", "{612109C4-0463-4903-BE7C-403DF7A2A981}"
EndProject
Project("{9A19103F-16F7-4668-BE54-9A1E7A4F7556}") = "EL.Robot.Core", "EL.Robot\EL.Robot.Core\EL.Robot.Core.csproj", "{079CB569-656F-4430-9D78-F46DA3A5E5AC}"
EndProject
Project("{9A19103F-16F7-4668-BE54-9A1E7A4F7556}") = "EL.Robot.WindowApiTest", "EL.Robot\EL.Robot.WindowApiTest\EL.Robot.WindowApiTest.csproj", "{30BB6856-69A5-4F3A-896D-E3EE74053A7A}"
EndProject
Global
	GlobalSection(SolutionConfigurationPlatforms) = preSolution
		Debug|Any CPU = Debug|Any CPU
		Debug|ARM = Debug|ARM
		Debug|ARM64 = Debug|ARM64
		Debug|x64 = Debug|x64
		Debug|x86 = Debug|x86
		Release|Any CPU = Release|Any CPU
		Release|ARM = Release|ARM
		Release|ARM64 = Release|ARM64
		Release|x64 = Release|x64
		Release|x86 = Release|x86
	EndGlobalSection
	GlobalSection(ProjectConfigurationPlatforms) = postSolution
		{30A34950-611A-498A-B500-9C168E6576F0}.Debug|Any CPU.ActiveCfg = Debug|Any CPU
		{30A34950-611A-498A-B500-9C168E6576F0}.Debug|Any CPU.Build.0 = Debug|Any CPU
		{30A34950-611A-498A-B500-9C168E6576F0}.Debug|ARM.ActiveCfg = Debug|Any CPU
		{30A34950-611A-498A-B500-9C168E6576F0}.Debug|ARM.Build.0 = Debug|Any CPU
		{30A34950-611A-498A-B500-9C168E6576F0}.Debug|ARM64.ActiveCfg = Debug|Any CPU
		{30A34950-611A-498A-B500-9C168E6576F0}.Debug|ARM64.Build.0 = Debug|Any CPU
		{30A34950-611A-498A-B500-9C168E6576F0}.Debug|x64.ActiveCfg = Debug|x64
		{30A34950-611A-498A-B500-9C168E6576F0}.Debug|x64.Build.0 = Debug|x64
		{30A34950-611A-498A-B500-9C168E6576F0}.Debug|x86.ActiveCfg = Debug|Any CPU
		{30A34950-611A-498A-B500-9C168E6576F0}.Debug|x86.Build.0 = Debug|Any CPU
		{30A34950-611A-498A-B500-9C168E6576F0}.Release|Any CPU.ActiveCfg = Release|Any CPU
		{30A34950-611A-498A-B500-9C168E6576F0}.Release|Any CPU.Build.0 = Release|Any CPU
		{30A34950-611A-498A-B500-9C168E6576F0}.Release|ARM.ActiveCfg = Release|Any CPU
		{30A34950-611A-498A-B500-9C168E6576F0}.Release|ARM.Build.0 = Release|Any CPU
		{30A34950-611A-498A-B500-9C168E6576F0}.Release|ARM64.ActiveCfg = Release|Any CPU
		{30A34950-611A-498A-B500-9C168E6576F0}.Release|ARM64.Build.0 = Release|Any CPU
		{30A34950-611A-498A-B500-9C168E6576F0}.Release|x64.ActiveCfg = Release|Any CPU
		{30A34950-611A-498A-B500-9C168E6576F0}.Release|x64.Build.0 = Release|Any CPU
		{30A34950-611A-498A-B500-9C168E6576F0}.Release|x86.ActiveCfg = Release|Any CPU
		{30A34950-611A-498A-B500-9C168E6576F0}.Release|x86.Build.0 = Release|Any CPU
		{BEDAFD7D-C321-4188-8F6E-87BDCAA190ED}.Debug|Any CPU.ActiveCfg = Debug|Any CPU
		{BEDAFD7D-C321-4188-8F6E-87BDCAA190ED}.Debug|Any CPU.Build.0 = Debug|Any CPU
		{BEDAFD7D-C321-4188-8F6E-87BDCAA190ED}.Debug|ARM.ActiveCfg = Debug|Any CPU
		{BEDAFD7D-C321-4188-8F6E-87BDCAA190ED}.Debug|ARM.Build.0 = Debug|Any CPU
		{BEDAFD7D-C321-4188-8F6E-87BDCAA190ED}.Debug|ARM64.ActiveCfg = Debug|Any CPU
		{BEDAFD7D-C321-4188-8F6E-87BDCAA190ED}.Debug|ARM64.Build.0 = Debug|Any CPU
		{BEDAFD7D-C321-4188-8F6E-87BDCAA190ED}.Debug|x64.ActiveCfg = Debug|Any CPU
		{BEDAFD7D-C321-4188-8F6E-87BDCAA190ED}.Debug|x64.Build.0 = Debug|Any CPU
		{BEDAFD7D-C321-4188-8F6E-87BDCAA190ED}.Debug|x86.ActiveCfg = Debug|Any CPU
		{BEDAFD7D-C321-4188-8F6E-87BDCAA190ED}.Debug|x86.Build.0 = Debug|Any CPU
		{BEDAFD7D-C321-4188-8F6E-87BDCAA190ED}.Release|Any CPU.ActiveCfg = Release|Any CPU
		{BEDAFD7D-C321-4188-8F6E-87BDCAA190ED}.Release|Any CPU.Build.0 = Release|Any CPU
		{BEDAFD7D-C321-4188-8F6E-87BDCAA190ED}.Release|ARM.ActiveCfg = Release|Any CPU
		{BEDAFD7D-C321-4188-8F6E-87BDCAA190ED}.Release|ARM.Build.0 = Release|Any CPU
		{BEDAFD7D-C321-4188-8F6E-87BDCAA190ED}.Release|ARM64.ActiveCfg = Release|Any CPU
		{BEDAFD7D-C321-4188-8F6E-87BDCAA190ED}.Release|ARM64.Build.0 = Release|Any CPU
		{BEDAFD7D-C321-4188-8F6E-87BDCAA190ED}.Release|x64.ActiveCfg = Release|Any CPU
		{BEDAFD7D-C321-4188-8F6E-87BDCAA190ED}.Release|x64.Build.0 = Release|Any CPU
		{BEDAFD7D-C321-4188-8F6E-87BDCAA190ED}.Release|x86.ActiveCfg = Release|Any CPU
		{BEDAFD7D-C321-4188-8F6E-87BDCAA190ED}.Release|x86.Build.0 = Release|Any CPU
		{C06791C6-971A-4C80-A8A0-E3B729517D95}.Debug|Any CPU.ActiveCfg = Debug|Any CPU
		{C06791C6-971A-4C80-A8A0-E3B729517D95}.Debug|Any CPU.Build.0 = Debug|Any CPU
		{C06791C6-971A-4C80-A8A0-E3B729517D95}.Debug|ARM.ActiveCfg = Debug|Any CPU
		{C06791C6-971A-4C80-A8A0-E3B729517D95}.Debug|ARM.Build.0 = Debug|Any CPU
		{C06791C6-971A-4C80-A8A0-E3B729517D95}.Debug|ARM64.ActiveCfg = Debug|Any CPU
		{C06791C6-971A-4C80-A8A0-E3B729517D95}.Debug|ARM64.Build.0 = Debug|Any CPU
		{C06791C6-971A-4C80-A8A0-E3B729517D95}.Debug|x64.ActiveCfg = Debug|Any CPU
		{C06791C6-971A-4C80-A8A0-E3B729517D95}.Debug|x64.Build.0 = Debug|Any CPU
		{C06791C6-971A-4C80-A8A0-E3B729517D95}.Debug|x86.ActiveCfg = Debug|Any CPU
		{C06791C6-971A-4C80-A8A0-E3B729517D95}.Debug|x86.Build.0 = Debug|Any CPU
		{C06791C6-971A-4C80-A8A0-E3B729517D95}.Release|Any CPU.ActiveCfg = Release|Any CPU
		{C06791C6-971A-4C80-A8A0-E3B729517D95}.Release|Any CPU.Build.0 = Release|Any CPU
		{C06791C6-971A-4C80-A8A0-E3B729517D95}.Release|ARM.ActiveCfg = Release|Any CPU
		{C06791C6-971A-4C80-A8A0-E3B729517D95}.Release|ARM.Build.0 = Release|Any CPU
		{C06791C6-971A-4C80-A8A0-E3B729517D95}.Release|ARM64.ActiveCfg = Release|Any CPU
		{C06791C6-971A-4C80-A8A0-E3B729517D95}.Release|ARM64.Build.0 = Release|Any CPU
		{C06791C6-971A-4C80-A8A0-E3B729517D95}.Release|x64.ActiveCfg = Release|Any CPU
		{C06791C6-971A-4C80-A8A0-E3B729517D95}.Release|x64.Build.0 = Release|Any CPU
		{C06791C6-971A-4C80-A8A0-E3B729517D95}.Release|x86.ActiveCfg = Release|Any CPU
		{C06791C6-971A-4C80-A8A0-E3B729517D95}.Release|x86.Build.0 = Release|Any CPU
		{8F6E98F9-D278-4A54-85CF-1438F4443A7C}.Debug|Any CPU.ActiveCfg = Debug|Any CPU
		{8F6E98F9-D278-4A54-85CF-1438F4443A7C}.Debug|Any CPU.Build.0 = Debug|Any CPU
		{8F6E98F9-D278-4A54-85CF-1438F4443A7C}.Debug|ARM.ActiveCfg = Debug|Any CPU
		{8F6E98F9-D278-4A54-85CF-1438F4443A7C}.Debug|ARM.Build.0 = Debug|Any CPU
		{8F6E98F9-D278-4A54-85CF-1438F4443A7C}.Debug|ARM64.ActiveCfg = Debug|Any CPU
		{8F6E98F9-D278-4A54-85CF-1438F4443A7C}.Debug|ARM64.Build.0 = Debug|Any CPU
		{8F6E98F9-D278-4A54-85CF-1438F4443A7C}.Debug|x64.ActiveCfg = Debug|x64
		{8F6E98F9-D278-4A54-85CF-1438F4443A7C}.Debug|x64.Build.0 = Debug|x64
		{8F6E98F9-D278-4A54-85CF-1438F4443A7C}.Debug|x86.ActiveCfg = Debug|Any CPU
		{8F6E98F9-D278-4A54-85CF-1438F4443A7C}.Debug|x86.Build.0 = Debug|Any CPU
		{8F6E98F9-D278-4A54-85CF-1438F4443A7C}.Release|Any CPU.ActiveCfg = Release|Any CPU
		{8F6E98F9-D278-4A54-85CF-1438F4443A7C}.Release|Any CPU.Build.0 = Release|Any CPU
		{8F6E98F9-D278-4A54-85CF-1438F4443A7C}.Release|ARM.ActiveCfg = Release|Any CPU
		{8F6E98F9-D278-4A54-85CF-1438F4443A7C}.Release|ARM.Build.0 = Release|Any CPU
		{8F6E98F9-D278-4A54-85CF-1438F4443A7C}.Release|ARM64.ActiveCfg = Release|Any CPU
		{8F6E98F9-D278-4A54-85CF-1438F4443A7C}.Release|ARM64.Build.0 = Release|Any CPU
		{8F6E98F9-D278-4A54-85CF-1438F4443A7C}.Release|x64.ActiveCfg = Release|x64
		{8F6E98F9-D278-4A54-85CF-1438F4443A7C}.Release|x64.Build.0 = Release|x64
		{8F6E98F9-D278-4A54-85CF-1438F4443A7C}.Release|x86.ActiveCfg = Release|Any CPU
		{8F6E98F9-D278-4A54-85CF-1438F4443A7C}.Release|x86.Build.0 = Release|Any CPU
		{202F56A6-EB4A-4EA1-8296-DB963770A079}.Debug|Any CPU.ActiveCfg = Debug|Any CPU
		{202F56A6-EB4A-4EA1-8296-DB963770A079}.Debug|Any CPU.Build.0 = Debug|Any CPU
		{202F56A6-EB4A-4EA1-8296-DB963770A079}.Debug|ARM.ActiveCfg = Debug|Any CPU
		{202F56A6-EB4A-4EA1-8296-DB963770A079}.Debug|ARM.Build.0 = Debug|Any CPU
		{202F56A6-EB4A-4EA1-8296-DB963770A079}.Debug|ARM64.ActiveCfg = Debug|Any CPU
		{202F56A6-EB4A-4EA1-8296-DB963770A079}.Debug|ARM64.Build.0 = Debug|Any CPU
		{202F56A6-EB4A-4EA1-8296-DB963770A079}.Debug|x64.ActiveCfg = Debug|x64
		{202F56A6-EB4A-4EA1-8296-DB963770A079}.Debug|x64.Build.0 = Debug|x64
		{202F56A6-EB4A-4EA1-8296-DB963770A079}.Debug|x86.ActiveCfg = Debug|Any CPU
		{202F56A6-EB4A-4EA1-8296-DB963770A079}.Debug|x86.Build.0 = Debug|Any CPU
		{202F56A6-EB4A-4EA1-8296-DB963770A079}.Release|Any CPU.ActiveCfg = Release|Any CPU
		{202F56A6-EB4A-4EA1-8296-DB963770A079}.Release|Any CPU.Build.0 = Release|Any CPU
		{202F56A6-EB4A-4EA1-8296-DB963770A079}.Release|ARM.ActiveCfg = Release|Any CPU
		{202F56A6-EB4A-4EA1-8296-DB963770A079}.Release|ARM.Build.0 = Release|Any CPU
		{202F56A6-EB4A-4EA1-8296-DB963770A079}.Release|ARM64.ActiveCfg = Release|Any CPU
		{202F56A6-EB4A-4EA1-8296-DB963770A079}.Release|ARM64.Build.0 = Release|Any CPU
		{202F56A6-EB4A-4EA1-8296-DB963770A079}.Release|x64.ActiveCfg = Release|x64
		{202F56A6-EB4A-4EA1-8296-DB963770A079}.Release|x64.Build.0 = Release|x64
		{202F56A6-EB4A-4EA1-8296-DB963770A079}.Release|x86.ActiveCfg = Release|Any CPU
		{202F56A6-EB4A-4EA1-8296-DB963770A079}.Release|x86.Build.0 = Release|Any CPU
		{09D4EE40-A5B8-478F-9378-E0853E7D4564}.Debug|Any CPU.ActiveCfg = Debug|Any CPU
		{09D4EE40-A5B8-478F-9378-E0853E7D4564}.Debug|Any CPU.Build.0 = Debug|Any CPU
		{09D4EE40-A5B8-478F-9378-E0853E7D4564}.Debug|ARM.ActiveCfg = Debug|Any CPU
		{09D4EE40-A5B8-478F-9378-E0853E7D4564}.Debug|ARM.Build.0 = Debug|Any CPU
		{09D4EE40-A5B8-478F-9378-E0853E7D4564}.Debug|ARM64.ActiveCfg = Debug|Any CPU
		{09D4EE40-A5B8-478F-9378-E0853E7D4564}.Debug|ARM64.Build.0 = Debug|Any CPU
		{09D4EE40-A5B8-478F-9378-E0853E7D4564}.Debug|x64.ActiveCfg = Debug|Any CPU
		{09D4EE40-A5B8-478F-9378-E0853E7D4564}.Debug|x64.Build.0 = Debug|Any CPU
		{09D4EE40-A5B8-478F-9378-E0853E7D4564}.Debug|x86.ActiveCfg = Debug|Any CPU
		{09D4EE40-A5B8-478F-9378-E0853E7D4564}.Debug|x86.Build.0 = Debug|Any CPU
		{09D4EE40-A5B8-478F-9378-E0853E7D4564}.Release|Any CPU.ActiveCfg = Release|Any CPU
		{09D4EE40-A5B8-478F-9378-E0853E7D4564}.Release|Any CPU.Build.0 = Release|Any CPU
		{09D4EE40-A5B8-478F-9378-E0853E7D4564}.Release|ARM.ActiveCfg = Release|Any CPU
		{09D4EE40-A5B8-478F-9378-E0853E7D4564}.Release|ARM.Build.0 = Release|Any CPU
		{09D4EE40-A5B8-478F-9378-E0853E7D4564}.Release|ARM64.ActiveCfg = Release|Any CPU
		{09D4EE40-A5B8-478F-9378-E0853E7D4564}.Release|ARM64.Build.0 = Release|Any CPU
		{09D4EE40-A5B8-478F-9378-E0853E7D4564}.Release|x64.ActiveCfg = Release|Any CPU
		{09D4EE40-A5B8-478F-9378-E0853E7D4564}.Release|x64.Build.0 = Release|Any CPU
		{09D4EE40-A5B8-478F-9378-E0853E7D4564}.Release|x86.ActiveCfg = Release|Any CPU
		{09D4EE40-A5B8-478F-9378-E0853E7D4564}.Release|x86.Build.0 = Release|Any CPU
		{612109C4-0463-4903-BE7C-403DF7A2A981}.Debug|Any CPU.ActiveCfg = Debug|Any CPU
		{612109C4-0463-4903-BE7C-403DF7A2A981}.Debug|Any CPU.Build.0 = Debug|Any CPU
		{612109C4-0463-4903-BE7C-403DF7A2A981}.Debug|ARM.ActiveCfg = Debug|Any CPU
		{612109C4-0463-4903-BE7C-403DF7A2A981}.Debug|ARM.Build.0 = Debug|Any CPU
		{612109C4-0463-4903-BE7C-403DF7A2A981}.Debug|ARM64.ActiveCfg = Debug|Any CPU
		{612109C4-0463-4903-BE7C-403DF7A2A981}.Debug|ARM64.Build.0 = Debug|Any CPU
		{612109C4-0463-4903-BE7C-403DF7A2A981}.Debug|x64.ActiveCfg = Debug|Any CPU
		{612109C4-0463-4903-BE7C-403DF7A2A981}.Debug|x64.Build.0 = Debug|Any CPU
		{612109C4-0463-4903-BE7C-403DF7A2A981}.Debug|x86.ActiveCfg = Debug|Any CPU
		{612109C4-0463-4903-BE7C-403DF7A2A981}.Debug|x86.Build.0 = Debug|Any CPU
		{612109C4-0463-4903-BE7C-403DF7A2A981}.Release|Any CPU.ActiveCfg = Release|Any CPU
		{612109C4-0463-4903-BE7C-403DF7A2A981}.Release|Any CPU.Build.0 = Release|Any CPU
		{612109C4-0463-4903-BE7C-403DF7A2A981}.Release|ARM.ActiveCfg = Release|Any CPU
		{612109C4-0463-4903-BE7C-403DF7A2A981}.Release|ARM.Build.0 = Release|Any CPU
		{612109C4-0463-4903-BE7C-403DF7A2A981}.Release|ARM64.ActiveCfg = Release|Any CPU
		{612109C4-0463-4903-BE7C-403DF7A2A981}.Release|ARM64.Build.0 = Release|Any CPU
		{612109C4-0463-4903-BE7C-403DF7A2A981}.Release|x64.ActiveCfg = Release|Any CPU
		{612109C4-0463-4903-BE7C-403DF7A2A981}.Release|x64.Build.0 = Release|Any CPU
		{612109C4-0463-4903-BE7C-403DF7A2A981}.Release|x86.ActiveCfg = Release|Any CPU
		{612109C4-0463-4903-BE7C-403DF7A2A981}.Release|x86.Build.0 = Release|Any CPU
		{079CB569-656F-4430-9D78-F46DA3A5E5AC}.Debug|Any CPU.ActiveCfg = Debug|Any CPU
		{079CB569-656F-4430-9D78-F46DA3A5E5AC}.Debug|Any CPU.Build.0 = Debug|Any CPU
		{079CB569-656F-4430-9D78-F46DA3A5E5AC}.Debug|ARM.ActiveCfg = Debug|Any CPU
		{079CB569-656F-4430-9D78-F46DA3A5E5AC}.Debug|ARM.Build.0 = Debug|Any CPU
		{079CB569-656F-4430-9D78-F46DA3A5E5AC}.Debug|ARM64.ActiveCfg = Debug|Any CPU
		{079CB569-656F-4430-9D78-F46DA3A5E5AC}.Debug|ARM64.Build.0 = Debug|Any CPU
		{079CB569-656F-4430-9D78-F46DA3A5E5AC}.Debug|x64.ActiveCfg = Debug|x64
		{079CB569-656F-4430-9D78-F46DA3A5E5AC}.Debug|x64.Build.0 = Debug|x64
		{079CB569-656F-4430-9D78-F46DA3A5E5AC}.Debug|x86.ActiveCfg = Debug|x86
		{079CB569-656F-4430-9D78-F46DA3A5E5AC}.Debug|x86.Build.0 = Debug|x86
		{079CB569-656F-4430-9D78-F46DA3A5E5AC}.Release|Any CPU.ActiveCfg = Release|Any CPU
		{079CB569-656F-4430-9D78-F46DA3A5E5AC}.Release|Any CPU.Build.0 = Release|Any CPU
		{079CB569-656F-4430-9D78-F46DA3A5E5AC}.Release|ARM.ActiveCfg = Release|Any CPU
		{079CB569-656F-4430-9D78-F46DA3A5E5AC}.Release|ARM.Build.0 = Release|Any CPU
		{079CB569-656F-4430-9D78-F46DA3A5E5AC}.Release|ARM64.ActiveCfg = Release|Any CPU
		{079CB569-656F-4430-9D78-F46DA3A5E5AC}.Release|ARM64.Build.0 = Release|Any CPU
		{079CB569-656F-4430-9D78-F46DA3A5E5AC}.Release|x64.ActiveCfg = Release|x64
		{079CB569-656F-4430-9D78-F46DA3A5E5AC}.Release|x64.Build.0 = Release|x64
		{079CB569-656F-4430-9D78-F46DA3A5E5AC}.Release|x86.ActiveCfg = Release|x86
		{079CB569-656F-4430-9D78-F46DA3A5E5AC}.Release|x86.Build.0 = Release|x86
		{30BB6856-69A5-4F3A-896D-E3EE74053A7A}.Debug|Any CPU.ActiveCfg = Debug|Any CPU
		{30BB6856-69A5-4F3A-896D-E3EE74053A7A}.Debug|Any CPU.Build.0 = Debug|Any CPU
		{30BB6856-69A5-4F3A-896D-E3EE74053A7A}.Debug|ARM.ActiveCfg = Debug|Any CPU
		{30BB6856-69A5-4F3A-896D-E3EE74053A7A}.Debug|ARM.Build.0 = Debug|Any CPU
		{30BB6856-69A5-4F3A-896D-E3EE74053A7A}.Debug|ARM64.ActiveCfg = Debug|Any CPU
		{30BB6856-69A5-4F3A-896D-E3EE74053A7A}.Debug|ARM64.Build.0 = Debug|Any CPU
		{30BB6856-69A5-4F3A-896D-E3EE74053A7A}.Debug|x64.ActiveCfg = Debug|Any CPU
		{30BB6856-69A5-4F3A-896D-E3EE74053A7A}.Debug|x64.Build.0 = Debug|Any CPU
		{30BB6856-69A5-4F3A-896D-E3EE74053A7A}.Debug|x86.ActiveCfg = Debug|Any CPU
		{30BB6856-69A5-4F3A-896D-E3EE74053A7A}.Debug|x86.Build.0 = Debug|Any CPU
		{30BB6856-69A5-4F3A-896D-E3EE74053A7A}.Release|Any CPU.ActiveCfg = Release|Any CPU
		{30BB6856-69A5-4F3A-896D-E3EE74053A7A}.Release|Any CPU.Build.0 = Release|Any CPU
		{30BB6856-69A5-4F3A-896D-E3EE74053A7A}.Release|ARM.ActiveCfg = Release|Any CPU
		{30BB6856-69A5-4F3A-896D-E3EE74053A7A}.Release|ARM.Build.0 = Release|Any CPU
		{30BB6856-69A5-4F3A-896D-E3EE74053A7A}.Release|ARM64.ActiveCfg = Release|Any CPU
		{30BB6856-69A5-4F3A-896D-E3EE74053A7A}.Release|ARM64.Build.0 = Release|Any CPU
		{30BB6856-69A5-4F3A-896D-E3EE74053A7A}.Release|x64.ActiveCfg = Release|Any CPU
		{30BB6856-69A5-4F3A-896D-E3EE74053A7A}.Release|x64.Build.0 = Release|Any CPU
		{30BB6856-69A5-4F3A-896D-E3EE74053A7A}.Release|x86.ActiveCfg = Release|Any CPU
		{30BB6856-69A5-4F3A-896D-E3EE74053A7A}.Release|x86.Build.0 = Release|Any CPU
	EndGlobalSection
	GlobalSection(SolutionProperties) = preSolution
		HideSolutionNode = FALSE
	EndGlobalSection
	GlobalSection(NestedProjects) = preSolution
		{30A34950-611A-498A-B500-9C168E6576F0} = {73C91023-9DA5-4B38-9D14-7F63BD6F5E56}
		{C06791C6-971A-4C80-A8A0-E3B729517D95} = {9D32C261-CF33-4985-A093-6D665F448A75}
		{8F6E98F9-D278-4A54-85CF-1438F4443A7C} = {9D32C261-CF33-4985-A093-6D665F448A75}
		{202F56A6-EB4A-4EA1-8296-DB963770A079} = {3B98B74C-D926-48A7-8473-039FE0ED0217}
		{09D4EE40-A5B8-478F-9378-E0853E7D4564} = {3B98B74C-D926-48A7-8473-039FE0ED0217}
		{612109C4-0463-4903-BE7C-403DF7A2A981} = {3B98B74C-D926-48A7-8473-039FE0ED0217}
		{079CB569-656F-4430-9D78-F46DA3A5E5AC} = {73C91023-9DA5-4B38-9D14-7F63BD6F5E56}
		{30BB6856-69A5-4F3A-896D-E3EE74053A7A} = {9D32C261-CF33-4985-A093-6D665F448A75}
	EndGlobalSection
	GlobalSection(ExtensibilityGlobals) = postSolution
		SolutionGuid = {9359FE36-A683-4147-9EC3-4F8C05F97C54}
	EndGlobalSection
EndGlobal
