
Microsoft Visual Studio Solution File, Format Version 12.00
# Visual Studio Version 17
VisualStudioVersion = 17.0.32112.339
MinimumVisualStudioVersion = 10.0.40219.1
Project("{2150E333-8FDC-42A3-9474-1A3956D46DE8}") = "EL.Test", "EL.Test", "{C0D85540-AC27-4BFC-A4DD-AE18529F61C1}"
EndProject
Project("{2150E333-8FDC-42A3-9474-1A3956D46DE8}") = "EL.Basic", "EL.Basic", "{32F2AD39-5E3D-423B-ACC5-B28F63F1D55F}"
EndProject
Project("{2150E333-8FDC-42A3-9474-1A3956D46DE8}") = "EL.ThirdParty", "EL.ThirdParty", "{BD72B9B7-0616-44F9-BC94-915EFC8313FF}"
	ProjectSection(SolutionItems) = preProject
		ThirdParty\Interop.SHDocVw.dll = ThirdParty\Interop.SHDocVw.dll
		..\..\QMZN\src\rpa-hooks-old-method\Hooks\lib\JAVAhandle.exe = ..\..\QMZN\src\rpa-hooks-old-method\Hooks\lib\JAVAhandle.exe
		ThirdParty\MSHTML.dll = ThirdParty\MSHTML.dll
		..\..\QMZN\src\rpa-hooks-release\Hooks\lib\WindowsAccessBridgeInterop.dll = ..\..\QMZN\src\rpa-hooks-release\Hooks\lib\WindowsAccessBridgeInterop.dll
	EndProjectSection
EndProject
Project("{2150E333-8FDC-42A3-9474-1A3956D46DE8}") = "Solution Items", "Solution Items", "{1AFE4A59-B6E4-4227-828E-F783AE35CD7D}"
	ProjectSection(SolutionItems) = preProject
		.editorconfig = .editorconfig
	EndProjectSection
EndProject
Project("{2150E333-8FDC-42A3-9474-1A3956D46DE8}") = "EL.Automation", "EL.Automation", "{0D2E108A-F091-4AE7-A5FF-F8551B9CF94E}"
EndProject
Project("{2150E333-8FDC-42A3-9474-1A3956D46DE8}") = "Polly", "Polly", "{32A830AB-9A7B-4511-B5A2-96E4AC2B1656}"
EndProject
Project("{2150E333-8FDC-42A3-9474-1A3956D46DE8}") = "protobuf", "protobuf", "{F6296E55-3521-48B2-AF83-BCA1D1387628}"
EndProject
Project("{2150E333-8FDC-42A3-9474-1A3956D46DE8}") = "EL.Window", "EL.Window", "{F286BF7C-5C2E-4198-A018-E1AEADB09D8B}"
EndProject
Project("{9A19103F-16F7-4668-BE54-9A1E7A4F7556}") = "protobuf-net", "EL.ThirdParty\protobuf-net\protobuf-net.csproj", "{C9D65936-9E2D-4932-AECE-F512F50A88DA}"
EndProject
Project("{9A19103F-16F7-4668-BE54-9A1E7A4F7556}") = "ShareLib", "EL.ThirdParty\ShareLib\ShareLib.csproj", "{93C5908D-7241-42AE-AF12-484FD13945A1}"
EndProject
Project("{9A19103F-16F7-4668-BE54-9A1E7A4F7556}") = "EL.Automation", "EL.Automation\EL.Automation\EL.Automation.csproj", "{802D4CBB-0AC3-4495-98C8-E04A29026998}"
EndProject
Project("{9A19103F-16F7-4668-BE54-9A1E7A4F7556}") = "Inspect.Test", "EL.Automation\Inspect.Test\Inspect.Test.csproj", "{7687818F-72F4-4964-B103-980ECCF2104B}"
EndProject
Project("{9A19103F-16F7-4668-BE54-9A1E7A4F7556}") = "EL.Basic.Component", "EL.Basic\EL.Basic.Component\EL.Basic.Component.csproj", "{2950A4EE-707A-4DB0-A6E1-2B18CD7E1F20}"
EndProject
Project("{9A19103F-16F7-4668-BE54-9A1E7A4F7556}") = "EL.Basic.Core", "EL.Basic\EL.Basic.Core\EL.Basic.Core.csproj", "{64A28F31-F250-472C-974F-C834E84B1C8A}"
EndProject
Project("{9A19103F-16F7-4668-BE54-9A1E7A4F7556}") = "EL.Basic.FormComponent", "EL.Basic\EL.Basic.FormComponent\EL.Basic.FormComponent.csproj", "{A4A37505-1059-490B-87F5-BAA25B228520}"
EndProject
Project("{9A19103F-16F7-4668-BE54-9A1E7A4F7556}") = "EL.Basic.Test", "EL.Basic\EL.Basic.Test\EL.Basic.Test.csproj", "{E40991E4-C189-416F-B883-995694733453}"
EndProject
Project("{9A19103F-16F7-4668-BE54-9A1E7A4F7556}") = "WinFromInspect", "EL.Test\WinFromInspect\WinFromInspect.csproj", "{2EF17694-EBB0-4A46-B06B-4C393AA6976E}"
EndProject
Project("{9A19103F-16F7-4668-BE54-9A1E7A4F7556}") = "WinTest", "EL.Test\WinTest\WinTest.csproj", "{33F6008E-90D1-4C1A-AD47-43814481714D}"
EndProject
Project("{9A19103F-16F7-4668-BE54-9A1E7A4F7556}") = "EL.Automation.Cmd", "EL.Window\EL.Automation.Cmd\EL.Automation.Cmd.csproj", "{D4D28131-8AD6-4181-9766-B0D41A7D120C}"
EndProject
Project("{9A19103F-16F7-4668-BE54-9A1E7A4F7556}") = "Polly", "EL.ThirdParty\Polly\src\Polly\Polly.csproj", "{CE57C17C-C198-4169-8915-73550BAD975D}"
EndProject
Project("{9A19103F-16F7-4668-BE54-9A1E7A4F7556}") = "Polly.Benchmarks", "EL.ThirdParty\Polly\src\Polly.Benchmarks\Polly.Benchmarks.csproj", "{F94621D1-1047-4B37-B31E-429A20B1A61F}"
EndProject
Project("{9A19103F-16F7-4668-BE54-9A1E7A4F7556}") = "UnityEngine", "EL.ThirdParty\UnityEngine\UnityEngine.csproj", "{EF132C19-64D1-4EE2-BBBA-EFC1EB11B631}"
EndProject
Project("{9A19103F-16F7-4668-BE54-9A1E7A4F7556}") = "Polly.Specs", "EL.ThirdParty\Polly\src\Polly.Specs\Polly.Specs.csproj", "{B3BE9DFC-C077-4DED-8F7F-4527D18062E7}"
EndProject
Project("{9A19103F-16F7-4668-BE54-9A1E7A4F7556}") = "WpfInspect", "EL.Test\WpfInspect\WpfInspect.csproj", "{D9B2BA1D-D055-4A6A-911C-4032D7081481}"
EndProject
Project("{9A19103F-16F7-4668-BE54-9A1E7A4F7556}") = "WinFormsApp1", "WinFormsApp1\WinFormsApp1.csproj", "{63E45051-60D1-4536-AE01-05335EC3714B}"
EndProject
Project("{9A19103F-16F7-4668-BE54-9A1E7A4F7556}") = "EL.DeepLearning", "EL.Test\EL.DeepLearning\EL.DeepLearning.csproj", "{85A2AFFD-BEFF-416E-B102-CBA204EAAEC8}"
EndProject
Project("{9A19103F-16F7-4668-BE54-9A1E7A4F7556}") = "EL.CollectWebPages", "EL.Test\EL.CollectWebPages\EL.CollectWebPages.csproj", "{999CA29C-0F20-4BEC-8CC5-5F05B1B4BFC3}"
EndProject
Project("{9A19103F-16F7-4668-BE54-9A1E7A4F7556}") = "EL.JavaBridge.Installer", "EL.Automation\EL.JavaBridge.Installer\EL.JavaBridge.Installer.csproj", "{BDB47DDE-28B2-4ECE-A03B-59A412747BEC}"
EndProject
Global
	GlobalSection(SolutionConfigurationPlatforms) = preSolution
		Debug|Any CPU = Debug|Any CPU
		Debug|x64 = Debug|x64
		Debug|x86 = Debug|x86
		Release|Any CPU = Release|Any CPU
		Release|x64 = Release|x64
		Release|x86 = Release|x86
		tt|Any CPU = tt|Any CPU
		tt|x64 = tt|x64
		tt|x86 = tt|x86
	EndGlobalSection
	GlobalSection(ProjectConfigurationPlatforms) = postSolution
		{C9D65936-9E2D-4932-AECE-F512F50A88DA}.Debug|Any CPU.ActiveCfg = Debug|Any CPU
		{C9D65936-9E2D-4932-AECE-F512F50A88DA}.Debug|Any CPU.Build.0 = Debug|Any CPU
		{C9D65936-9E2D-4932-AECE-F512F50A88DA}.Debug|x64.ActiveCfg = Debug|x64
		{C9D65936-9E2D-4932-AECE-F512F50A88DA}.Debug|x64.Build.0 = Debug|x64
		{C9D65936-9E2D-4932-AECE-F512F50A88DA}.Debug|x86.ActiveCfg = Debug|x86
		{C9D65936-9E2D-4932-AECE-F512F50A88DA}.Debug|x86.Build.0 = Debug|x86
		{C9D65936-9E2D-4932-AECE-F512F50A88DA}.Release|Any CPU.ActiveCfg = Release|Any CPU
		{C9D65936-9E2D-4932-AECE-F512F50A88DA}.Release|Any CPU.Build.0 = Release|Any CPU
		{C9D65936-9E2D-4932-AECE-F512F50A88DA}.Release|x64.ActiveCfg = Release|x64
		{C9D65936-9E2D-4932-AECE-F512F50A88DA}.Release|x64.Build.0 = Release|x64
		{C9D65936-9E2D-4932-AECE-F512F50A88DA}.Release|x86.ActiveCfg = Release|x86
		{C9D65936-9E2D-4932-AECE-F512F50A88DA}.Release|x86.Build.0 = Release|x86
		{C9D65936-9E2D-4932-AECE-F512F50A88DA}.tt|Any CPU.ActiveCfg = tt|Any CPU
		{C9D65936-9E2D-4932-AECE-F512F50A88DA}.tt|Any CPU.Build.0 = tt|Any CPU
		{C9D65936-9E2D-4932-AECE-F512F50A88DA}.tt|x64.ActiveCfg = tt|x64
		{C9D65936-9E2D-4932-AECE-F512F50A88DA}.tt|x64.Build.0 = tt|x64
		{C9D65936-9E2D-4932-AECE-F512F50A88DA}.tt|x86.ActiveCfg = tt|x86
		{C9D65936-9E2D-4932-AECE-F512F50A88DA}.tt|x86.Build.0 = tt|x86
		{93C5908D-7241-42AE-AF12-484FD13945A1}.Debug|Any CPU.ActiveCfg = Debug|Any CPU
		{93C5908D-7241-42AE-AF12-484FD13945A1}.Debug|Any CPU.Build.0 = Debug|Any CPU
		{93C5908D-7241-42AE-AF12-484FD13945A1}.Debug|x64.ActiveCfg = Debug|x64
		{93C5908D-7241-42AE-AF12-484FD13945A1}.Debug|x64.Build.0 = Debug|x64
		{93C5908D-7241-42AE-AF12-484FD13945A1}.Debug|x86.ActiveCfg = Debug|x86
		{93C5908D-7241-42AE-AF12-484FD13945A1}.Debug|x86.Build.0 = Debug|x86
		{93C5908D-7241-42AE-AF12-484FD13945A1}.Release|Any CPU.ActiveCfg = Release|Any CPU
		{93C5908D-7241-42AE-AF12-484FD13945A1}.Release|Any CPU.Build.0 = Release|Any CPU
		{93C5908D-7241-42AE-AF12-484FD13945A1}.Release|x64.ActiveCfg = Release|x64
		{93C5908D-7241-42AE-AF12-484FD13945A1}.Release|x64.Build.0 = Release|x64
		{93C5908D-7241-42AE-AF12-484FD13945A1}.Release|x86.ActiveCfg = Release|x86
		{93C5908D-7241-42AE-AF12-484FD13945A1}.Release|x86.Build.0 = Release|x86
		{93C5908D-7241-42AE-AF12-484FD13945A1}.tt|Any CPU.ActiveCfg = tt|Any CPU
		{93C5908D-7241-42AE-AF12-484FD13945A1}.tt|Any CPU.Build.0 = tt|Any CPU
		{93C5908D-7241-42AE-AF12-484FD13945A1}.tt|x64.ActiveCfg = tt|x64
		{93C5908D-7241-42AE-AF12-484FD13945A1}.tt|x64.Build.0 = tt|x64
		{93C5908D-7241-42AE-AF12-484FD13945A1}.tt|x86.ActiveCfg = tt|x86
		{93C5908D-7241-42AE-AF12-484FD13945A1}.tt|x86.Build.0 = tt|x86
		{802D4CBB-0AC3-4495-98C8-E04A29026998}.Debug|Any CPU.ActiveCfg = Debug|Any CPU
		{802D4CBB-0AC3-4495-98C8-E04A29026998}.Debug|Any CPU.Build.0 = Debug|Any CPU
		{802D4CBB-0AC3-4495-98C8-E04A29026998}.Debug|x64.ActiveCfg = Debug|x64
		{802D4CBB-0AC3-4495-98C8-E04A29026998}.Debug|x64.Build.0 = Debug|x64
		{802D4CBB-0AC3-4495-98C8-E04A29026998}.Debug|x86.ActiveCfg = Debug|Any CPU
		{802D4CBB-0AC3-4495-98C8-E04A29026998}.Debug|x86.Build.0 = Debug|Any CPU
		{802D4CBB-0AC3-4495-98C8-E04A29026998}.Release|Any CPU.ActiveCfg = Release|Any CPU
		{802D4CBB-0AC3-4495-98C8-E04A29026998}.Release|Any CPU.Build.0 = Release|Any CPU
		{802D4CBB-0AC3-4495-98C8-E04A29026998}.Release|x64.ActiveCfg = Release|x64
		{802D4CBB-0AC3-4495-98C8-E04A29026998}.Release|x64.Build.0 = Release|x64
		{802D4CBB-0AC3-4495-98C8-E04A29026998}.Release|x86.ActiveCfg = Release|x86
		{802D4CBB-0AC3-4495-98C8-E04A29026998}.Release|x86.Build.0 = Release|x86
		{802D4CBB-0AC3-4495-98C8-E04A29026998}.tt|Any CPU.ActiveCfg = tt|Any CPU
		{802D4CBB-0AC3-4495-98C8-E04A29026998}.tt|Any CPU.Build.0 = tt|Any CPU
		{802D4CBB-0AC3-4495-98C8-E04A29026998}.tt|x64.ActiveCfg = tt|x64
		{802D4CBB-0AC3-4495-98C8-E04A29026998}.tt|x64.Build.0 = tt|x64
		{802D4CBB-0AC3-4495-98C8-E04A29026998}.tt|x86.ActiveCfg = tt|x86
		{802D4CBB-0AC3-4495-98C8-E04A29026998}.tt|x86.Build.0 = tt|x86
		{7687818F-72F4-4964-B103-980ECCF2104B}.Debug|Any CPU.ActiveCfg = Debug|Any CPU
		{7687818F-72F4-4964-B103-980ECCF2104B}.Debug|Any CPU.Build.0 = Debug|Any CPU
		{7687818F-72F4-4964-B103-980ECCF2104B}.Debug|x64.ActiveCfg = Debug|Any CPU
		{7687818F-72F4-4964-B103-980ECCF2104B}.Debug|x64.Build.0 = Debug|Any CPU
		{7687818F-72F4-4964-B103-980ECCF2104B}.Debug|x86.ActiveCfg = Debug|Any CPU
		{7687818F-72F4-4964-B103-980ECCF2104B}.Debug|x86.Build.0 = Debug|Any CPU
		{7687818F-72F4-4964-B103-980ECCF2104B}.Release|Any CPU.ActiveCfg = Release|Any CPU
		{7687818F-72F4-4964-B103-980ECCF2104B}.Release|Any CPU.Build.0 = Release|Any CPU
		{7687818F-72F4-4964-B103-980ECCF2104B}.Release|x64.ActiveCfg = Release|x64
		{7687818F-72F4-4964-B103-980ECCF2104B}.Release|x64.Build.0 = Release|x64
		{7687818F-72F4-4964-B103-980ECCF2104B}.Release|x86.ActiveCfg = Release|x86
		{7687818F-72F4-4964-B103-980ECCF2104B}.Release|x86.Build.0 = Release|x86
		{7687818F-72F4-4964-B103-980ECCF2104B}.tt|Any CPU.ActiveCfg = tt|Any CPU
		{7687818F-72F4-4964-B103-980ECCF2104B}.tt|Any CPU.Build.0 = tt|Any CPU
		{7687818F-72F4-4964-B103-980ECCF2104B}.tt|x64.ActiveCfg = tt|x64
		{7687818F-72F4-4964-B103-980ECCF2104B}.tt|x64.Build.0 = tt|x64
		{7687818F-72F4-4964-B103-980ECCF2104B}.tt|x86.ActiveCfg = tt|x86
		{7687818F-72F4-4964-B103-980ECCF2104B}.tt|x86.Build.0 = tt|x86
		{2950A4EE-707A-4DB0-A6E1-2B18CD7E1F20}.Debug|Any CPU.ActiveCfg = Debug|Any CPU
		{2950A4EE-707A-4DB0-A6E1-2B18CD7E1F20}.Debug|Any CPU.Build.0 = Debug|Any CPU
		{2950A4EE-707A-4DB0-A6E1-2B18CD7E1F20}.Debug|x64.ActiveCfg = Debug|x64
		{2950A4EE-707A-4DB0-A6E1-2B18CD7E1F20}.Debug|x64.Build.0 = Debug|x64
		{2950A4EE-707A-4DB0-A6E1-2B18CD7E1F20}.Debug|x86.ActiveCfg = Debug|Any CPU
		{2950A4EE-707A-4DB0-A6E1-2B18CD7E1F20}.Debug|x86.Build.0 = Debug|Any CPU
		{2950A4EE-707A-4DB0-A6E1-2B18CD7E1F20}.Release|Any CPU.ActiveCfg = Release|Any CPU
		{2950A4EE-707A-4DB0-A6E1-2B18CD7E1F20}.Release|Any CPU.Build.0 = Release|Any CPU
		{2950A4EE-707A-4DB0-A6E1-2B18CD7E1F20}.Release|x64.ActiveCfg = Release|x64
		{2950A4EE-707A-4DB0-A6E1-2B18CD7E1F20}.Release|x64.Build.0 = Release|x64
		{2950A4EE-707A-4DB0-A6E1-2B18CD7E1F20}.Release|x86.ActiveCfg = Release|x86
		{2950A4EE-707A-4DB0-A6E1-2B18CD7E1F20}.Release|x86.Build.0 = Release|x86
		{2950A4EE-707A-4DB0-A6E1-2B18CD7E1F20}.tt|Any CPU.ActiveCfg = tt|Any CPU
		{2950A4EE-707A-4DB0-A6E1-2B18CD7E1F20}.tt|Any CPU.Build.0 = tt|Any CPU
		{2950A4EE-707A-4DB0-A6E1-2B18CD7E1F20}.tt|x64.ActiveCfg = tt|x64
		{2950A4EE-707A-4DB0-A6E1-2B18CD7E1F20}.tt|x64.Build.0 = tt|x64
		{2950A4EE-707A-4DB0-A6E1-2B18CD7E1F20}.tt|x86.ActiveCfg = tt|x86
		{2950A4EE-707A-4DB0-A6E1-2B18CD7E1F20}.tt|x86.Build.0 = tt|x86
		{64A28F31-F250-472C-974F-C834E84B1C8A}.Debug|Any CPU.ActiveCfg = Debug|Any CPU
		{64A28F31-F250-472C-974F-C834E84B1C8A}.Debug|Any CPU.Build.0 = Debug|Any CPU
		{64A28F31-F250-472C-974F-C834E84B1C8A}.Debug|x64.ActiveCfg = Debug|x64
		{64A28F31-F250-472C-974F-C834E84B1C8A}.Debug|x64.Build.0 = Debug|x64
		{64A28F31-F250-472C-974F-C834E84B1C8A}.Debug|x86.ActiveCfg = Debug|Any CPU
		{64A28F31-F250-472C-974F-C834E84B1C8A}.Debug|x86.Build.0 = Debug|Any CPU
		{64A28F31-F250-472C-974F-C834E84B1C8A}.Release|Any CPU.ActiveCfg = Release|Any CPU
		{64A28F31-F250-472C-974F-C834E84B1C8A}.Release|Any CPU.Build.0 = Release|Any CPU
		{64A28F31-F250-472C-974F-C834E84B1C8A}.Release|x64.ActiveCfg = Release|x64
		{64A28F31-F250-472C-974F-C834E84B1C8A}.Release|x64.Build.0 = Release|x64
		{64A28F31-F250-472C-974F-C834E84B1C8A}.Release|x86.ActiveCfg = Release|x86
		{64A28F31-F250-472C-974F-C834E84B1C8A}.Release|x86.Build.0 = Release|x86
		{64A28F31-F250-472C-974F-C834E84B1C8A}.tt|Any CPU.ActiveCfg = tt|Any CPU
		{64A28F31-F250-472C-974F-C834E84B1C8A}.tt|Any CPU.Build.0 = tt|Any CPU
		{64A28F31-F250-472C-974F-C834E84B1C8A}.tt|x64.ActiveCfg = tt|x64
		{64A28F31-F250-472C-974F-C834E84B1C8A}.tt|x64.Build.0 = tt|x64
		{64A28F31-F250-472C-974F-C834E84B1C8A}.tt|x86.ActiveCfg = tt|x86
		{64A28F31-F250-472C-974F-C834E84B1C8A}.tt|x86.Build.0 = tt|x86
		{A4A37505-1059-490B-87F5-BAA25B228520}.Debug|Any CPU.ActiveCfg = Debug|Any CPU
		{A4A37505-1059-490B-87F5-BAA25B228520}.Debug|Any CPU.Build.0 = Debug|Any CPU
		{A4A37505-1059-490B-87F5-BAA25B228520}.Debug|x64.ActiveCfg = Debug|x64
		{A4A37505-1059-490B-87F5-BAA25B228520}.Debug|x64.Build.0 = Debug|x64
		{A4A37505-1059-490B-87F5-BAA25B228520}.Debug|x86.ActiveCfg = Debug|Any CPU
		{A4A37505-1059-490B-87F5-BAA25B228520}.Debug|x86.Build.0 = Debug|Any CPU
		{A4A37505-1059-490B-87F5-BAA25B228520}.Release|Any CPU.ActiveCfg = Release|Any CPU
		{A4A37505-1059-490B-87F5-BAA25B228520}.Release|Any CPU.Build.0 = Release|Any CPU
		{A4A37505-1059-490B-87F5-BAA25B228520}.Release|x64.ActiveCfg = Release|x64
		{A4A37505-1059-490B-87F5-BAA25B228520}.Release|x64.Build.0 = Release|x64
		{A4A37505-1059-490B-87F5-BAA25B228520}.Release|x86.ActiveCfg = Release|x86
		{A4A37505-1059-490B-87F5-BAA25B228520}.Release|x86.Build.0 = Release|x86
		{A4A37505-1059-490B-87F5-BAA25B228520}.tt|Any CPU.ActiveCfg = tt|Any CPU
		{A4A37505-1059-490B-87F5-BAA25B228520}.tt|Any CPU.Build.0 = tt|Any CPU
		{A4A37505-1059-490B-87F5-BAA25B228520}.tt|x64.ActiveCfg = tt|x64
		{A4A37505-1059-490B-87F5-BAA25B228520}.tt|x64.Build.0 = tt|x64
		{A4A37505-1059-490B-87F5-BAA25B228520}.tt|x86.ActiveCfg = tt|x86
		{A4A37505-1059-490B-87F5-BAA25B228520}.tt|x86.Build.0 = tt|x86
		{E40991E4-C189-416F-B883-995694733453}.Debug|Any CPU.ActiveCfg = Debug|Any CPU
		{E40991E4-C189-416F-B883-995694733453}.Debug|Any CPU.Build.0 = Debug|Any CPU
		{E40991E4-C189-416F-B883-995694733453}.Debug|x64.ActiveCfg = Debug|Any CPU
		{E40991E4-C189-416F-B883-995694733453}.Debug|x64.Build.0 = Debug|Any CPU
		{E40991E4-C189-416F-B883-995694733453}.Debug|x86.ActiveCfg = Debug|Any CPU
		{E40991E4-C189-416F-B883-995694733453}.Debug|x86.Build.0 = Debug|Any CPU
		{E40991E4-C189-416F-B883-995694733453}.Release|Any CPU.ActiveCfg = Release|Any CPU
		{E40991E4-C189-416F-B883-995694733453}.Release|Any CPU.Build.0 = Release|Any CPU
		{E40991E4-C189-416F-B883-995694733453}.Release|x64.ActiveCfg = Release|x64
		{E40991E4-C189-416F-B883-995694733453}.Release|x64.Build.0 = Release|x64
		{E40991E4-C189-416F-B883-995694733453}.Release|x86.ActiveCfg = Release|x86
		{E40991E4-C189-416F-B883-995694733453}.Release|x86.Build.0 = Release|x86
		{E40991E4-C189-416F-B883-995694733453}.tt|Any CPU.ActiveCfg = tt|Any CPU
		{E40991E4-C189-416F-B883-995694733453}.tt|Any CPU.Build.0 = tt|Any CPU
		{E40991E4-C189-416F-B883-995694733453}.tt|x64.ActiveCfg = tt|x64
		{E40991E4-C189-416F-B883-995694733453}.tt|x64.Build.0 = tt|x64
		{E40991E4-C189-416F-B883-995694733453}.tt|x86.ActiveCfg = tt|x86
		{E40991E4-C189-416F-B883-995694733453}.tt|x86.Build.0 = tt|x86
		{2EF17694-EBB0-4A46-B06B-4C393AA6976E}.Debug|Any CPU.ActiveCfg = Debug|Any CPU
		{2EF17694-EBB0-4A46-B06B-4C393AA6976E}.Debug|Any CPU.Build.0 = Debug|Any CPU
		{2EF17694-EBB0-4A46-B06B-4C393AA6976E}.Debug|x64.ActiveCfg = Debug|x64
		{2EF17694-EBB0-4A46-B06B-4C393AA6976E}.Debug|x64.Build.0 = Debug|x64
		{2EF17694-EBB0-4A46-B06B-4C393AA6976E}.Debug|x86.ActiveCfg = Debug|Any CPU
		{2EF17694-EBB0-4A46-B06B-4C393AA6976E}.Debug|x86.Build.0 = Debug|Any CPU
		{2EF17694-EBB0-4A46-B06B-4C393AA6976E}.Release|Any CPU.ActiveCfg = Release|Any CPU
		{2EF17694-EBB0-4A46-B06B-4C393AA6976E}.Release|Any CPU.Build.0 = Release|Any CPU
		{2EF17694-EBB0-4A46-B06B-4C393AA6976E}.Release|x64.ActiveCfg = Release|x64
		{2EF17694-EBB0-4A46-B06B-4C393AA6976E}.Release|x64.Build.0 = Release|x64
		{2EF17694-EBB0-4A46-B06B-4C393AA6976E}.Release|x86.ActiveCfg = Release|x86
		{2EF17694-EBB0-4A46-B06B-4C393AA6976E}.Release|x86.Build.0 = Release|x86
		{2EF17694-EBB0-4A46-B06B-4C393AA6976E}.tt|Any CPU.ActiveCfg = tt|Any CPU
		{2EF17694-EBB0-4A46-B06B-4C393AA6976E}.tt|Any CPU.Build.0 = tt|Any CPU
		{2EF17694-EBB0-4A46-B06B-4C393AA6976E}.tt|x64.ActiveCfg = tt|x64
		{2EF17694-EBB0-4A46-B06B-4C393AA6976E}.tt|x64.Build.0 = tt|x64
		{2EF17694-EBB0-4A46-B06B-4C393AA6976E}.tt|x86.ActiveCfg = tt|x86
		{2EF17694-EBB0-4A46-B06B-4C393AA6976E}.tt|x86.Build.0 = tt|x86
		{33F6008E-90D1-4C1A-AD47-43814481714D}.Debug|Any CPU.ActiveCfg = Debug|Any CPU
		{33F6008E-90D1-4C1A-AD47-43814481714D}.Debug|Any CPU.Build.0 = Debug|Any CPU
		{33F6008E-90D1-4C1A-AD47-43814481714D}.Debug|x64.ActiveCfg = Debug|Any CPU
		{33F6008E-90D1-4C1A-AD47-43814481714D}.Debug|x64.Build.0 = Debug|Any CPU
		{33F6008E-90D1-4C1A-AD47-43814481714D}.Debug|x86.ActiveCfg = Debug|Any CPU
		{33F6008E-90D1-4C1A-AD47-43814481714D}.Debug|x86.Build.0 = Debug|Any CPU
		{33F6008E-90D1-4C1A-AD47-43814481714D}.Release|Any CPU.ActiveCfg = Release|Any CPU
		{33F6008E-90D1-4C1A-AD47-43814481714D}.Release|Any CPU.Build.0 = Release|Any CPU
		{33F6008E-90D1-4C1A-AD47-43814481714D}.Release|x64.ActiveCfg = Release|x64
		{33F6008E-90D1-4C1A-AD47-43814481714D}.Release|x64.Build.0 = Release|x64
		{33F6008E-90D1-4C1A-AD47-43814481714D}.Release|x86.ActiveCfg = Release|x86
		{33F6008E-90D1-4C1A-AD47-43814481714D}.Release|x86.Build.0 = Release|x86
		{33F6008E-90D1-4C1A-AD47-43814481714D}.tt|Any CPU.ActiveCfg = tt|Any CPU
		{33F6008E-90D1-4C1A-AD47-43814481714D}.tt|Any CPU.Build.0 = tt|Any CPU
		{33F6008E-90D1-4C1A-AD47-43814481714D}.tt|x64.ActiveCfg = tt|x64
		{33F6008E-90D1-4C1A-AD47-43814481714D}.tt|x64.Build.0 = tt|x64
		{33F6008E-90D1-4C1A-AD47-43814481714D}.tt|x86.ActiveCfg = tt|x86
		{33F6008E-90D1-4C1A-AD47-43814481714D}.tt|x86.Build.0 = tt|x86
		{D4D28131-8AD6-4181-9766-B0D41A7D120C}.Debug|Any CPU.ActiveCfg = Debug|Any CPU
		{D4D28131-8AD6-4181-9766-B0D41A7D120C}.Debug|Any CPU.Build.0 = Debug|Any CPU
		{D4D28131-8AD6-4181-9766-B0D41A7D120C}.Debug|x64.ActiveCfg = Debug|x64
		{D4D28131-8AD6-4181-9766-B0D41A7D120C}.Debug|x64.Build.0 = Debug|x64
		{D4D28131-8AD6-4181-9766-B0D41A7D120C}.Debug|x86.ActiveCfg = Debug|Any CPU
		{D4D28131-8AD6-4181-9766-B0D41A7D120C}.Debug|x86.Build.0 = Debug|Any CPU
		{D4D28131-8AD6-4181-9766-B0D41A7D120C}.Release|Any CPU.ActiveCfg = Release|Any CPU
		{D4D28131-8AD6-4181-9766-B0D41A7D120C}.Release|Any CPU.Build.0 = Release|Any CPU
		{D4D28131-8AD6-4181-9766-B0D41A7D120C}.Release|x64.ActiveCfg = Release|x64
		{D4D28131-8AD6-4181-9766-B0D41A7D120C}.Release|x64.Build.0 = Release|x64
		{D4D28131-8AD6-4181-9766-B0D41A7D120C}.Release|x86.ActiveCfg = Release|x86
		{D4D28131-8AD6-4181-9766-B0D41A7D120C}.Release|x86.Build.0 = Release|x86
		{D4D28131-8AD6-4181-9766-B0D41A7D120C}.tt|Any CPU.ActiveCfg = tt|Any CPU
		{D4D28131-8AD6-4181-9766-B0D41A7D120C}.tt|Any CPU.Build.0 = tt|Any CPU
		{D4D28131-8AD6-4181-9766-B0D41A7D120C}.tt|x64.ActiveCfg = tt|x64
		{D4D28131-8AD6-4181-9766-B0D41A7D120C}.tt|x64.Build.0 = tt|x64
		{D4D28131-8AD6-4181-9766-B0D41A7D120C}.tt|x86.ActiveCfg = tt|x86
		{D4D28131-8AD6-4181-9766-B0D41A7D120C}.tt|x86.Build.0 = tt|x86
		{CE57C17C-C198-4169-8915-73550BAD975D}.Debug|Any CPU.ActiveCfg = Debug|Any CPU
		{CE57C17C-C198-4169-8915-73550BAD975D}.Debug|Any CPU.Build.0 = Debug|Any CPU
		{CE57C17C-C198-4169-8915-73550BAD975D}.Debug|x64.ActiveCfg = Debug|Any CPU
		{CE57C17C-C198-4169-8915-73550BAD975D}.Debug|x64.Build.0 = Debug|Any CPU
		{CE57C17C-C198-4169-8915-73550BAD975D}.Debug|x86.ActiveCfg = Debug|Any CPU
		{CE57C17C-C198-4169-8915-73550BAD975D}.Debug|x86.Build.0 = Debug|Any CPU
		{CE57C17C-C198-4169-8915-73550BAD975D}.Release|Any CPU.ActiveCfg = Release|Any CPU
		{CE57C17C-C198-4169-8915-73550BAD975D}.Release|Any CPU.Build.0 = Release|Any CPU
		{CE57C17C-C198-4169-8915-73550BAD975D}.Release|x64.ActiveCfg = Release|x64
		{CE57C17C-C198-4169-8915-73550BAD975D}.Release|x64.Build.0 = Release|x64
		{CE57C17C-C198-4169-8915-73550BAD975D}.Release|x86.ActiveCfg = Release|x86
		{CE57C17C-C198-4169-8915-73550BAD975D}.Release|x86.Build.0 = Release|x86
		{CE57C17C-C198-4169-8915-73550BAD975D}.tt|Any CPU.ActiveCfg = tt|Any CPU
		{CE57C17C-C198-4169-8915-73550BAD975D}.tt|Any CPU.Build.0 = tt|Any CPU
		{CE57C17C-C198-4169-8915-73550BAD975D}.tt|x64.ActiveCfg = tt|x64
		{CE57C17C-C198-4169-8915-73550BAD975D}.tt|x64.Build.0 = tt|x64
		{CE57C17C-C198-4169-8915-73550BAD975D}.tt|x86.ActiveCfg = tt|x86
		{CE57C17C-C198-4169-8915-73550BAD975D}.tt|x86.Build.0 = tt|x86
		{F94621D1-1047-4B37-B31E-429A20B1A61F}.Debug|Any CPU.ActiveCfg = Debug|Any CPU
		{F94621D1-1047-4B37-B31E-429A20B1A61F}.Debug|Any CPU.Build.0 = Debug|Any CPU
		{F94621D1-1047-4B37-B31E-429A20B1A61F}.Debug|x64.ActiveCfg = Debug|Any CPU
		{F94621D1-1047-4B37-B31E-429A20B1A61F}.Debug|x64.Build.0 = Debug|Any CPU
		{F94621D1-1047-4B37-B31E-429A20B1A61F}.Debug|x86.ActiveCfg = Debug|Any CPU
		{F94621D1-1047-4B37-B31E-429A20B1A61F}.Debug|x86.Build.0 = Debug|Any CPU
		{F94621D1-1047-4B37-B31E-429A20B1A61F}.Release|Any CPU.ActiveCfg = Release|Any CPU
		{F94621D1-1047-4B37-B31E-429A20B1A61F}.Release|Any CPU.Build.0 = Release|Any CPU
		{F94621D1-1047-4B37-B31E-429A20B1A61F}.Release|x64.ActiveCfg = Release|x64
		{F94621D1-1047-4B37-B31E-429A20B1A61F}.Release|x64.Build.0 = Release|x64
		{F94621D1-1047-4B37-B31E-429A20B1A61F}.Release|x86.ActiveCfg = Release|x86
		{F94621D1-1047-4B37-B31E-429A20B1A61F}.Release|x86.Build.0 = Release|x86
		{F94621D1-1047-4B37-B31E-429A20B1A61F}.tt|Any CPU.ActiveCfg = tt|Any CPU
		{F94621D1-1047-4B37-B31E-429A20B1A61F}.tt|Any CPU.Build.0 = tt|Any CPU
		{F94621D1-1047-4B37-B31E-429A20B1A61F}.tt|x64.ActiveCfg = tt|x64
		{F94621D1-1047-4B37-B31E-429A20B1A61F}.tt|x64.Build.0 = tt|x64
		{F94621D1-1047-4B37-B31E-429A20B1A61F}.tt|x86.ActiveCfg = tt|x86
		{F94621D1-1047-4B37-B31E-429A20B1A61F}.tt|x86.Build.0 = tt|x86
		{EF132C19-64D1-4EE2-BBBA-EFC1EB11B631}.Debug|Any CPU.ActiveCfg = Debug|Any CPU
		{EF132C19-64D1-4EE2-BBBA-EFC1EB11B631}.Debug|Any CPU.Build.0 = Debug|Any CPU
		{EF132C19-64D1-4EE2-BBBA-EFC1EB11B631}.Debug|x64.ActiveCfg = Debug|x64
		{EF132C19-64D1-4EE2-BBBA-EFC1EB11B631}.Debug|x64.Build.0 = Debug|x64
		{EF132C19-64D1-4EE2-BBBA-EFC1EB11B631}.Debug|x86.ActiveCfg = Debug|x86
		{EF132C19-64D1-4EE2-BBBA-EFC1EB11B631}.Debug|x86.Build.0 = Debug|x86
		{EF132C19-64D1-4EE2-BBBA-EFC1EB11B631}.Release|Any CPU.ActiveCfg = Release|Any CPU
		{EF132C19-64D1-4EE2-BBBA-EFC1EB11B631}.Release|Any CPU.Build.0 = Release|Any CPU
		{EF132C19-64D1-4EE2-BBBA-EFC1EB11B631}.Release|x64.ActiveCfg = Release|x64
		{EF132C19-64D1-4EE2-BBBA-EFC1EB11B631}.Release|x64.Build.0 = Release|x64
		{EF132C19-64D1-4EE2-BBBA-EFC1EB11B631}.Release|x86.ActiveCfg = Release|x86
		{EF132C19-64D1-4EE2-BBBA-EFC1EB11B631}.Release|x86.Build.0 = Release|x86
		{EF132C19-64D1-4EE2-BBBA-EFC1EB11B631}.tt|Any CPU.ActiveCfg = tt|Any CPU
		{EF132C19-64D1-4EE2-BBBA-EFC1EB11B631}.tt|Any CPU.Build.0 = tt|Any CPU
		{EF132C19-64D1-4EE2-BBBA-EFC1EB11B631}.tt|x64.ActiveCfg = tt|x64
		{EF132C19-64D1-4EE2-BBBA-EFC1EB11B631}.tt|x64.Build.0 = tt|x64
		{EF132C19-64D1-4EE2-BBBA-EFC1EB11B631}.tt|x86.ActiveCfg = tt|x86
		{EF132C19-64D1-4EE2-BBBA-EFC1EB11B631}.tt|x86.Build.0 = tt|x86
		{B3BE9DFC-C077-4DED-8F7F-4527D18062E7}.Debug|Any CPU.ActiveCfg = Debug|Any CPU
		{B3BE9DFC-C077-4DED-8F7F-4527D18062E7}.Debug|Any CPU.Build.0 = Debug|Any CPU
		{B3BE9DFC-C077-4DED-8F7F-4527D18062E7}.Debug|x64.ActiveCfg = Debug|x64
		{B3BE9DFC-C077-4DED-8F7F-4527D18062E7}.Debug|x64.Build.0 = Debug|x64
		{B3BE9DFC-C077-4DED-8F7F-4527D18062E7}.Debug|x86.ActiveCfg = Debug|x86
		{B3BE9DFC-C077-4DED-8F7F-4527D18062E7}.Debug|x86.Build.0 = Debug|x86
		{B3BE9DFC-C077-4DED-8F7F-4527D18062E7}.Release|Any CPU.ActiveCfg = Release|Any CPU
		{B3BE9DFC-C077-4DED-8F7F-4527D18062E7}.Release|Any CPU.Build.0 = Release|Any CPU
		{B3BE9DFC-C077-4DED-8F7F-4527D18062E7}.Release|x64.ActiveCfg = Release|x64
		{B3BE9DFC-C077-4DED-8F7F-4527D18062E7}.Release|x64.Build.0 = Release|x64
		{B3BE9DFC-C077-4DED-8F7F-4527D18062E7}.Release|x86.ActiveCfg = Release|x86
		{B3BE9DFC-C077-4DED-8F7F-4527D18062E7}.Release|x86.Build.0 = Release|x86
		{B3BE9DFC-C077-4DED-8F7F-4527D18062E7}.tt|Any CPU.ActiveCfg = tt|Any CPU
		{B3BE9DFC-C077-4DED-8F7F-4527D18062E7}.tt|Any CPU.Build.0 = tt|Any CPU
		{B3BE9DFC-C077-4DED-8F7F-4527D18062E7}.tt|x64.ActiveCfg = tt|x64
		{B3BE9DFC-C077-4DED-8F7F-4527D18062E7}.tt|x64.Build.0 = tt|x64
		{B3BE9DFC-C077-4DED-8F7F-4527D18062E7}.tt|x86.ActiveCfg = tt|x86
		{B3BE9DFC-C077-4DED-8F7F-4527D18062E7}.tt|x86.Build.0 = tt|x86
		{D9B2BA1D-D055-4A6A-911C-4032D7081481}.Debug|Any CPU.ActiveCfg = Debug|Any CPU
		{D9B2BA1D-D055-4A6A-911C-4032D7081481}.Debug|Any CPU.Build.0 = Debug|Any CPU
		{D9B2BA1D-D055-4A6A-911C-4032D7081481}.Debug|x64.ActiveCfg = Debug|Any CPU
		{D9B2BA1D-D055-4A6A-911C-4032D7081481}.Debug|x64.Build.0 = Debug|Any CPU
		{D9B2BA1D-D055-4A6A-911C-4032D7081481}.Debug|x86.ActiveCfg = Debug|Any CPU
		{D9B2BA1D-D055-4A6A-911C-4032D7081481}.Debug|x86.Build.0 = Debug|Any CPU
		{D9B2BA1D-D055-4A6A-911C-4032D7081481}.Release|Any CPU.ActiveCfg = Release|Any CPU
		{D9B2BA1D-D055-4A6A-911C-4032D7081481}.Release|Any CPU.Build.0 = Release|Any CPU
		{D9B2BA1D-D055-4A6A-911C-4032D7081481}.Release|x64.ActiveCfg = Release|Any CPU
		{D9B2BA1D-D055-4A6A-911C-4032D7081481}.Release|x64.Build.0 = Release|Any CPU
		{D9B2BA1D-D055-4A6A-911C-4032D7081481}.Release|x86.ActiveCfg = Release|Any CPU
		{D9B2BA1D-D055-4A6A-911C-4032D7081481}.Release|x86.Build.0 = Release|Any CPU
		{D9B2BA1D-D055-4A6A-911C-4032D7081481}.tt|Any CPU.ActiveCfg = tt|Any CPU
		{D9B2BA1D-D055-4A6A-911C-4032D7081481}.tt|Any CPU.Build.0 = tt|Any CPU
		{D9B2BA1D-D055-4A6A-911C-4032D7081481}.tt|x64.ActiveCfg = tt|Any CPU
		{D9B2BA1D-D055-4A6A-911C-4032D7081481}.tt|x64.Build.0 = tt|Any CPU
		{D9B2BA1D-D055-4A6A-911C-4032D7081481}.tt|x86.ActiveCfg = tt|Any CPU
		{D9B2BA1D-D055-4A6A-911C-4032D7081481}.tt|x86.Build.0 = tt|Any CPU
		{63E45051-60D1-4536-AE01-05335EC3714B}.Debug|Any CPU.ActiveCfg = Debug|Any CPU
		{63E45051-60D1-4536-AE01-05335EC3714B}.Debug|Any CPU.Build.0 = Debug|Any CPU
		{63E45051-60D1-4536-AE01-05335EC3714B}.Debug|x64.ActiveCfg = Debug|Any CPU
		{63E45051-60D1-4536-AE01-05335EC3714B}.Debug|x64.Build.0 = Debug|Any CPU
		{63E45051-60D1-4536-AE01-05335EC3714B}.Debug|x86.ActiveCfg = Debug|Any CPU
		{63E45051-60D1-4536-AE01-05335EC3714B}.Debug|x86.Build.0 = Debug|Any CPU
		{63E45051-60D1-4536-AE01-05335EC3714B}.Release|Any CPU.ActiveCfg = Release|Any CPU
		{63E45051-60D1-4536-AE01-05335EC3714B}.Release|Any CPU.Build.0 = Release|Any CPU
		{63E45051-60D1-4536-AE01-05335EC3714B}.Release|x64.ActiveCfg = Release|Any CPU
		{63E45051-60D1-4536-AE01-05335EC3714B}.Release|x64.Build.0 = Release|Any CPU
		{63E45051-60D1-4536-AE01-05335EC3714B}.Release|x86.ActiveCfg = Release|Any CPU
		{63E45051-60D1-4536-AE01-05335EC3714B}.Release|x86.Build.0 = Release|Any CPU
		{63E45051-60D1-4536-AE01-05335EC3714B}.tt|Any CPU.ActiveCfg = tt|Any CPU
		{63E45051-60D1-4536-AE01-05335EC3714B}.tt|Any CPU.Build.0 = tt|Any CPU
		{63E45051-60D1-4536-AE01-05335EC3714B}.tt|x64.ActiveCfg = tt|Any CPU
		{63E45051-60D1-4536-AE01-05335EC3714B}.tt|x64.Build.0 = tt|Any CPU
		{63E45051-60D1-4536-AE01-05335EC3714B}.tt|x86.ActiveCfg = tt|Any CPU
		{63E45051-60D1-4536-AE01-05335EC3714B}.tt|x86.Build.0 = tt|Any CPU
		{85A2AFFD-BEFF-416E-B102-CBA204EAAEC8}.Debug|Any CPU.ActiveCfg = Debug|Any CPU
		{85A2AFFD-BEFF-416E-B102-CBA204EAAEC8}.Debug|Any CPU.Build.0 = Debug|Any CPU
		{85A2AFFD-BEFF-416E-B102-CBA204EAAEC8}.Debug|x64.ActiveCfg = Debug|Any CPU
		{85A2AFFD-BEFF-416E-B102-CBA204EAAEC8}.Debug|x64.Build.0 = Debug|Any CPU
		{85A2AFFD-BEFF-416E-B102-CBA204EAAEC8}.Debug|x86.ActiveCfg = Debug|Any CPU
		{85A2AFFD-BEFF-416E-B102-CBA204EAAEC8}.Debug|x86.Build.0 = Debug|Any CPU
		{85A2AFFD-BEFF-416E-B102-CBA204EAAEC8}.Release|Any CPU.ActiveCfg = Release|Any CPU
		{85A2AFFD-BEFF-416E-B102-CBA204EAAEC8}.Release|Any CPU.Build.0 = Release|Any CPU
		{85A2AFFD-BEFF-416E-B102-CBA204EAAEC8}.Release|x64.ActiveCfg = Release|Any CPU
		{85A2AFFD-BEFF-416E-B102-CBA204EAAEC8}.Release|x64.Build.0 = Release|Any CPU
		{85A2AFFD-BEFF-416E-B102-CBA204EAAEC8}.Release|x86.ActiveCfg = Release|Any CPU
		{85A2AFFD-BEFF-416E-B102-CBA204EAAEC8}.Release|x86.Build.0 = Release|Any CPU
		{85A2AFFD-BEFF-416E-B102-CBA204EAAEC8}.tt|Any CPU.ActiveCfg = tt|Any CPU
		{85A2AFFD-BEFF-416E-B102-CBA204EAAEC8}.tt|Any CPU.Build.0 = tt|Any CPU
		{85A2AFFD-BEFF-416E-B102-CBA204EAAEC8}.tt|x64.ActiveCfg = tt|Any CPU
		{85A2AFFD-BEFF-416E-B102-CBA204EAAEC8}.tt|x64.Build.0 = tt|Any CPU
		{85A2AFFD-BEFF-416E-B102-CBA204EAAEC8}.tt|x86.ActiveCfg = tt|Any CPU
		{85A2AFFD-BEFF-416E-B102-CBA204EAAEC8}.tt|x86.Build.0 = tt|Any CPU
		{999CA29C-0F20-4BEC-8CC5-5F05B1B4BFC3}.Debug|Any CPU.ActiveCfg = Debug|Any CPU
		{999CA29C-0F20-4BEC-8CC5-5F05B1B4BFC3}.Debug|Any CPU.Build.0 = Debug|Any CPU
		{999CA29C-0F20-4BEC-8CC5-5F05B1B4BFC3}.Debug|x64.ActiveCfg = Debug|Any CPU
		{999CA29C-0F20-4BEC-8CC5-5F05B1B4BFC3}.Debug|x64.Build.0 = Debug|Any CPU
		{999CA29C-0F20-4BEC-8CC5-5F05B1B4BFC3}.Debug|x86.ActiveCfg = Debug|Any CPU
		{999CA29C-0F20-4BEC-8CC5-5F05B1B4BFC3}.Debug|x86.Build.0 = Debug|Any CPU
		{999CA29C-0F20-4BEC-8CC5-5F05B1B4BFC3}.Release|Any CPU.ActiveCfg = Release|Any CPU
		{999CA29C-0F20-4BEC-8CC5-5F05B1B4BFC3}.Release|Any CPU.Build.0 = Release|Any CPU
		{999CA29C-0F20-4BEC-8CC5-5F05B1B4BFC3}.Release|x64.ActiveCfg = Release|Any CPU
		{999CA29C-0F20-4BEC-8CC5-5F05B1B4BFC3}.Release|x64.Build.0 = Release|Any CPU
		{999CA29C-0F20-4BEC-8CC5-5F05B1B4BFC3}.Release|x86.ActiveCfg = Release|Any CPU
		{999CA29C-0F20-4BEC-8CC5-5F05B1B4BFC3}.Release|x86.Build.0 = Release|Any CPU
		{999CA29C-0F20-4BEC-8CC5-5F05B1B4BFC3}.tt|Any CPU.ActiveCfg = tt|Any CPU
		{999CA29C-0F20-4BEC-8CC5-5F05B1B4BFC3}.tt|Any CPU.Build.0 = tt|Any CPU
		{999CA29C-0F20-4BEC-8CC5-5F05B1B4BFC3}.tt|x64.ActiveCfg = tt|Any CPU
		{999CA29C-0F20-4BEC-8CC5-5F05B1B4BFC3}.tt|x64.Build.0 = tt|Any CPU
		{999CA29C-0F20-4BEC-8CC5-5F05B1B4BFC3}.tt|x86.ActiveCfg = tt|Any CPU
		{999CA29C-0F20-4BEC-8CC5-5F05B1B4BFC3}.tt|x86.Build.0 = tt|Any CPU
		{BDB47DDE-28B2-4ECE-A03B-59A412747BEC}.Debug|Any CPU.ActiveCfg = Debug|Any CPU
		{BDB47DDE-28B2-4ECE-A03B-59A412747BEC}.Debug|Any CPU.Build.0 = Debug|Any CPU
		{BDB47DDE-28B2-4ECE-A03B-59A412747BEC}.Debug|x64.ActiveCfg = Debug|x64
		{BDB47DDE-28B2-4ECE-A03B-59A412747BEC}.Debug|x64.Build.0 = Debug|x64
		{BDB47DDE-28B2-4ECE-A03B-59A412747BEC}.Debug|x86.ActiveCfg = Debug|x86
		{BDB47DDE-28B2-4ECE-A03B-59A412747BEC}.Debug|x86.Build.0 = Debug|x86
		{BDB47DDE-28B2-4ECE-A03B-59A412747BEC}.Release|Any CPU.ActiveCfg = Release|Any CPU
		{BDB47DDE-28B2-4ECE-A03B-59A412747BEC}.Release|Any CPU.Build.0 = Release|Any CPU
		{BDB47DDE-28B2-4ECE-A03B-59A412747BEC}.Release|x64.ActiveCfg = Release|x64
		{BDB47DDE-28B2-4ECE-A03B-59A412747BEC}.Release|x64.Build.0 = Release|x64
		{BDB47DDE-28B2-4ECE-A03B-59A412747BEC}.Release|x86.ActiveCfg = Release|x86
		{BDB47DDE-28B2-4ECE-A03B-59A412747BEC}.Release|x86.Build.0 = Release|x86
		{BDB47DDE-28B2-4ECE-A03B-59A412747BEC}.tt|Any CPU.ActiveCfg = Debug|Any CPU
		{BDB47DDE-28B2-4ECE-A03B-59A412747BEC}.tt|Any CPU.Build.0 = Debug|Any CPU
		{BDB47DDE-28B2-4ECE-A03B-59A412747BEC}.tt|x64.ActiveCfg = Debug|x64
		{BDB47DDE-28B2-4ECE-A03B-59A412747BEC}.tt|x64.Build.0 = Debug|x64
		{BDB47DDE-28B2-4ECE-A03B-59A412747BEC}.tt|x86.ActiveCfg = Debug|x86
		{BDB47DDE-28B2-4ECE-A03B-59A412747BEC}.tt|x86.Build.0 = Debug|x86
	EndGlobalSection
	GlobalSection(SolutionProperties) = preSolution
		HideSolutionNode = FALSE
	EndGlobalSection
	GlobalSection(NestedProjects) = preSolution
		{32A830AB-9A7B-4511-B5A2-96E4AC2B1656} = {BD72B9B7-0616-44F9-BC94-915EFC8313FF}
		{F6296E55-3521-48B2-AF83-BCA1D1387628} = {BD72B9B7-0616-44F9-BC94-915EFC8313FF}
		{C9D65936-9E2D-4932-AECE-F512F50A88DA} = {F6296E55-3521-48B2-AF83-BCA1D1387628}
		{93C5908D-7241-42AE-AF12-484FD13945A1} = {BD72B9B7-0616-44F9-BC94-915EFC8313FF}
		{802D4CBB-0AC3-4495-98C8-E04A29026998} = {0D2E108A-F091-4AE7-A5FF-F8551B9CF94E}
		{7687818F-72F4-4964-B103-980ECCF2104B} = {0D2E108A-F091-4AE7-A5FF-F8551B9CF94E}
		{2950A4EE-707A-4DB0-A6E1-2B18CD7E1F20} = {32F2AD39-5E3D-423B-ACC5-B28F63F1D55F}
		{64A28F31-F250-472C-974F-C834E84B1C8A} = {32F2AD39-5E3D-423B-ACC5-B28F63F1D55F}
		{A4A37505-1059-490B-87F5-BAA25B228520} = {32F2AD39-5E3D-423B-ACC5-B28F63F1D55F}
		{E40991E4-C189-416F-B883-995694733453} = {32F2AD39-5E3D-423B-ACC5-B28F63F1D55F}
		{2EF17694-EBB0-4A46-B06B-4C393AA6976E} = {C0D85540-AC27-4BFC-A4DD-AE18529F61C1}
		{33F6008E-90D1-4C1A-AD47-43814481714D} = {C0D85540-AC27-4BFC-A4DD-AE18529F61C1}
		{D4D28131-8AD6-4181-9766-B0D41A7D120C} = {F286BF7C-5C2E-4198-A018-E1AEADB09D8B}
		{CE57C17C-C198-4169-8915-73550BAD975D} = {32A830AB-9A7B-4511-B5A2-96E4AC2B1656}
		{F94621D1-1047-4B37-B31E-429A20B1A61F} = {32A830AB-9A7B-4511-B5A2-96E4AC2B1656}
		{EF132C19-64D1-4EE2-BBBA-EFC1EB11B631} = {BD72B9B7-0616-44F9-BC94-915EFC8313FF}
		{B3BE9DFC-C077-4DED-8F7F-4527D18062E7} = {32A830AB-9A7B-4511-B5A2-96E4AC2B1656}
		{D9B2BA1D-D055-4A6A-911C-4032D7081481} = {C0D85540-AC27-4BFC-A4DD-AE18529F61C1}
		{63E45051-60D1-4536-AE01-05335EC3714B} = {C0D85540-AC27-4BFC-A4DD-AE18529F61C1}
		{85A2AFFD-BEFF-416E-B102-CBA204EAAEC8} = {C0D85540-AC27-4BFC-A4DD-AE18529F61C1}
		{999CA29C-0F20-4BEC-8CC5-5F05B1B4BFC3} = {C0D85540-AC27-4BFC-A4DD-AE18529F61C1}
		{BDB47DDE-28B2-4ECE-A03B-59A412747BEC} = {0D2E108A-F091-4AE7-A5FF-F8551B9CF94E}
	EndGlobalSection
	GlobalSection(ExtensibilityGlobals) = postSolution
		SolutionGuid = {923D2403-ED07-4739-A106-3F40AA9999FE}
	EndGlobalSection
EndGlobal
